
Microsoft Visual Studio Solution File, Format Version 12.00
Project("{FAE04EC0-301F-11D3-BF4B-00C04F79EFBC}") = "Pavas.Runtime.IdentityContext", "Pavas.Runtime.IdentityContext\Pavas.Runtime.IdentityContext.csproj", "{FC2F1E48-F2C0-4450-8E98-441E846C0F88}"
EndProject
Project("{FAE04EC0-301F-11D3-BF4B-00C04F79EFBC}") = "Pavas.Runtime.TraceContext", "Pavas.Runtime.TraceContext\Pavas.Runtime.TraceContext.csproj", "{A198BE86-33F4-4C7B-BADD-FBC95EE80439}"
EndProject
Project("{FAE04EC0-301F-11D3-BF4B-00C04F79EFBC}") = "Pavas.Runtime.TenantContext", "Pavas.Runtime.TenantContext\Pavas.Runtime.TenantContext.csproj", "{C8A975BA-29AE-49D7-AC3E-85482626D3D4}"
EndProject
Project("{FAE04EC0-301F-11D3-BF4B-00C04F79EFBC}") = "Pavas.Runtime.ApplicationContext", "Pavas.Runtime.ApplicationContext\Pavas.Runtime.ApplicationContext.csproj", "{D19132F8-A169-4B69-8274-15DF0D5CAD87}"
EndProject
Project("{FAE04EC0-301F-11D3-BF4B-00C04F79EFBC}") = "Pavas.Runtime.MemoryContext", "Pavas.Runtime.MemoryContext\Pavas.Runtime.MemoryContext.csproj", "{D3BD2DAD-2C13-41A1-80C2-FE1C3CEC90C3}"
EndProject
Project("{2150E333-8FDC-42A3-9474-1A3956D46DE8}") = "Examples", "Examples", "{DCA7E194-7BDA-42DD-BB45-AB0928293F68}"
EndProject
Project("{FAE04EC0-301F-11D3-BF4B-00C04F79EFBC}") = "Context.Example", "Context.Example\Context.Example.csproj", "{71F599DE-A774-4A89-9ED4-5C07D359DBD7}"
EndProject
Global
	GlobalSection(SolutionConfigurationPlatforms) = preSolution
		Debug|Any CPU = Debug|Any CPU
		Release|Any CPU = Release|Any CPU
	EndGlobalSection
	GlobalSection(ProjectConfigurationPlatforms) = postSolution
		{FC2F1E48-F2C0-4450-8E98-441E846C0F88}.Debug|Any CPU.ActiveCfg = Debug|Any CPU
		{FC2F1E48-F2C0-4450-8E98-441E846C0F88}.Debug|Any CPU.Build.0 = Debug|Any CPU
		{FC2F1E48-F2C0-4450-8E98-441E846C0F88}.Release|Any CPU.ActiveCfg = Release|Any CPU
		{FC2F1E48-F2C0-4450-8E98-441E846C0F88}.Release|Any CPU.Build.0 = Release|Any CPU
		{A198BE86-33F4-4C7B-BADD-FBC95EE80439}.Debug|Any CPU.ActiveCfg = Debug|Any CPU
		{A198BE86-33F4-4C7B-BADD-FBC95EE80439}.Debug|Any CPU.Build.0 = Debug|Any CPU
		{A198BE86-33F4-4C7B-BADD-FBC95EE80439}.Release|Any CPU.ActiveCfg = Release|Any CPU
		{A198BE86-33F4-4C7B-BADD-FBC95EE80439}.Release|Any CPU.Build.0 = Release|Any CPU
		{C8A975BA-29AE-49D7-AC3E-85482626D3D4}.Debug|Any CPU.ActiveCfg = Debug|Any CPU
		{C8A975BA-29AE-49D7-AC3E-85482626D3D4}.Debug|Any CPU.Build.0 = Debug|Any CPU
		{C8A975BA-29AE-49D7-AC3E-85482626D3D4}.Release|Any CPU.ActiveCfg = Release|Any CPU
		{C8A975BA-29AE-49D7-AC3E-85482626D3D4}.Release|Any CPU.Build.0 = Release|Any CPU
		{D19132F8-A169-4B69-8274-15DF0D5CAD87}.Debug|Any CPU.ActiveCfg = Debug|Any CPU
		{D19132F8-A169-4B69-8274-15DF0D5CAD87}.Debug|Any CPU.Build.0 = Debug|Any CPU
		{D19132F8-A169-4B69-8274-15DF0D5CAD87}.Release|Any CPU.ActiveCfg = Release|Any CPU
		{D19132F8-A169-4B69-8274-15DF0D5CAD87}.Release|Any CPU.Build.0 = Release|Any CPU
		{D3BD2DAD-2C13-41A1-80C2-FE1C3CEC90C3}.Debug|Any CPU.ActiveCfg = Debug|Any CPU
		{D3BD2DAD-2C13-41A1-80C2-FE1C3CEC90C3}.Debug|Any CPU.Build.0 = Debug|Any CPU
		{D3BD2DAD-2C13-41A1-80C2-FE1C3CEC90C3}.Release|Any CPU.ActiveCfg = Release|Any CPU
		{D3BD2DAD-2C13-41A1-80C2-FE1C3CEC90C3}.Release|Any CPU.Build.0 = Release|Any CPU
		{71F599DE-A774-4A89-9ED4-5C07D359DBD7}.Debug|Any CPU.ActiveCfg = Debug|Any CPU
		{71F599DE-A774-4A89-9ED4-5C07D359DBD7}.Debug|Any CPU.Build.0 = Debug|Any CPU
		{71F599DE-A774-4A89-9ED4-5C07D359DBD7}.Release|Any CPU.ActiveCfg = Release|Any CPU
		{71F599DE-A774-4A89-9ED4-5C07D359DBD7}.Release|Any CPU.Build.0 = Release|Any CPU
	EndGlobalSection
	GlobalSection(NestedProjects) = preSolution
		{71F599DE-A774-4A89-9ED4-5C07D359DBD7} = {DCA7E194-7BDA-42DD-BB45-AB0928293F68}
	EndGlobalSection
EndGlobal
